<?xml version="1.0" encoding="utf-8"?>
<Project ToolsVersion="4.0" xmlns="http://schemas.microsoft.com/developer/msbuild/2003">
  <ItemGroup>
    <Filter Include="Header\Utillity">
      <UniqueIdentifier>{90F8896B-8655-4E5A-9365-7E83B47CB61D}</UniqueIdentifier>
    </Filter>
    <Filter Include="Header\Utillity\Base">
      <UniqueIdentifier>{D97D8842-9442-41B1-8E73-0F898F7E1ED6}</UniqueIdentifier>
    </Filter>
    <Filter Include="Header\Utillity\File">
      <UniqueIdentifier>{476C889E-341E-4F6B-A19E-C85E686FCE2D}</UniqueIdentifier>
    </Filter>
    <Filter Include="Header\Utillity\Math">
      <UniqueIdentifier>{B14E9B2A-4F2C-4A67-86D8-5D8A2E81A436}</UniqueIdentifier>
    </Filter>
    <Filter Include="Header\Utillity\Pointer">
      <UniqueIdentifier>{4D109C46-919B-4CA7-B13B-96C2C892DC03}</UniqueIdentifier>
    </Filter>
    <Filter Include="Header\Utillity\String">
      <UniqueIdentifier>{17AC5169-67C3-4E05-8467-CE340195A4B5}</UniqueIdentifier>
    </Filter>
    <Filter Include="Header\Utillity\Types">
      <UniqueIdentifier>{03A95F6C-06D4-4C69-B5EF-B477E753B870}</UniqueIdentifier>
    </Filter>
    <Filter Include="Source\Utillity">
      <UniqueIdentifier>{57E30C00-9B50-492D-B264-326D78496743}</UniqueIdentifier>
    </Filter>
    <Filter Include="Source\Utillity\Base">
      <UniqueIdentifier>{5D04895C-4F54-4CE0-A602-C6096EA82AA1}</UniqueIdentifier>
    </Filter>
    <Filter Include="Source\Utillity\File">
      <UniqueIdentifier>{1D1C5D3E-D031-4496-B409-80D38C436C76}</UniqueIdentifier>
    </Filter>
    <Filter Include="Source\Utillity\String">
      <UniqueIdentifier>{40C5D1AD-DA1E-4D31-B582-71C9CFF9F7B4}</UniqueIdentifier>
    </Filter>
    <Filter Include="Source">
      <UniqueIdentifier>{4FC737F1-C7A5-4376-A066-2A32D752A2FF}</UniqueIdentifier>
      <Extensions>cpp;c;cc;cxx;c++;cppm;ixx</Extensions>
    </Filter>
    <Filter Include="Source\Application">
      <UniqueIdentifier>{E8597662-BE6B-44F3-9B22-15631520C36F}</UniqueIdentifier>
    </Filter>
    <Filter Include="Source\Core">
      <UniqueIdentifier>{86BC20B5-4E7A-4228-B6AB-0D9D5F1B7F51}</UniqueIdentifier>
    </Filter>
    <Filter Include="Source\Core\Asset">
      <UniqueIdentifier>{F4525F1A-59C2-4D41-8D04-3A58E36380D9}</UniqueIdentifier>
    </Filter>
    <Filter Include="Source\Core\Module">
      <UniqueIdentifier>{FB1A1628-8377-4F91-862E-517A89BFE6F7}</UniqueIdentifier>
    </Filter>
    <Filter Include="Source\Core\Time">
      <UniqueIdentifier>{4A87C91F-3622-4CC2-9045-0A0819323F58}</UniqueIdentifier>
    </Filter>
    <Filter Include="Source\Core\Platform">
      <UniqueIdentifier>{60E34F68-BAF8-43F5-8196-4C072A9DB8D0}</UniqueIdentifier>
    </Filter>
    <Filter Include="Source\Core\Platform\Web">
      <UniqueIdentifier>{88A8A1F0-A0B1-4C23-A0C7-D4819F468E22}</UniqueIdentifier>
    </Filter>
    <Filter Include="Source\Core\Platform\Windows">
      <UniqueIdentifier>{85E6B88C-A5E5-407B-AC3A-7B0D17A08A81}</UniqueIdentifier>
    </Filter>
    <Filter Include="Source\Core\Platform\Mobile">
      <UniqueIdentifier>{D6E77F13-23A9-4F1A-9C2E-DF2B87CE3BC2}</UniqueIdentifier>
    </Filter>
    <Filter Include="Source\Core\RHI">
      <UniqueIdentifier>{F8E6E896-1B78-44E6-A0B6-97DFF8FD8841}</UniqueIdentifier>
    </Filter>
    <Filter Include="Source\Core\RHI\D3D11">
      <UniqueIdentifier>{7F209C1C-C90E-4FB0-8228-83E76E5878C9}</UniqueIdentifier>
    </Filter>
    <Filter Include="Source\Core\RHI\WebGPU">
      <UniqueIdentifier>{32A4AE3B-2419-483E-99D5-C8773730565B}</UniqueIdentifier>
    </Filter>
    <Filter Include="Source\Core\RHI\Vulkan">
      <UniqueIdentifier>{9064999C-D065-4BB0-86F5-43C7DA7C1596}</UniqueIdentifier>
    </Filter>
    <Filter Include="Source\Core\Debug">
      <UniqueIdentifier>{C3E5F792-4B6D-5A8E-DA9F-2E3F4D5C6B7A}</UniqueIdentifier>
    </Filter>
    <Filter Include="Source\Core\Renderer">
      <UniqueIdentifier>{877167BD-8E69-4E24-8324-81F6E5E8F4F5}</UniqueIdentifier>
    </Filter>
    <Filter Include="Source\GameFramework">
      <UniqueIdentifier>{2D615011-5902-45DE-84E7-A4316B0B7A7D}</UniqueIdentifier>
    </Filter>
    <Filter Include="Source\GameFramework\Object">
      <UniqueIdentifier>{CB4D3B4F-A745-4D9C-B139-B9504C11E2F4}</UniqueIdentifier>
    </Filter>
    <Filter Include="Source\GameFramework\Rendering">
      <UniqueIdentifier>{742220BF-234E-42DB-9431-29A0CFD5392C}</UniqueIdentifier>
    </Filter>
    <Filter Include="Source\GameFramework\Scene">
      <UniqueIdentifier>{D37B3D6A-8F6C-4F5B-A2B6-B3F11DB6D209}</UniqueIdentifier>
    </Filter>
    <Filter Include="Source\GameFramework\System">
      <UniqueIdentifier>{40B3E72D-E6C9-42ED-A7D0-73F47B61C4F1}</UniqueIdentifier>
    </Filter>
    <Filter Include="Source\Editor">
      <UniqueIdentifier>{C5D861B8-9046-45C9-8C2F-F117C2E8038F}</UniqueIdentifier>
    </Filter>
    <Filter Include="Source\ThirdParty">
      <UniqueIdentifier>{C9940E68-1D45-4D69-B3B0-1C7F7F874C8E}</UniqueIdentifier>
    </Filter>
    <Filter Include="Header">
      <UniqueIdentifier>{93995380-89BD-4b04-88EB-625FBE52EBFB}</UniqueIdentifier>
      <Extensions>h;hh;hpp;hxx;inl;inc</Extensions>
    </Filter>
    <Filter Include="Header\Application">
      <UniqueIdentifier>{B3E41250-A3B4-49AD-8835-F6B346B41C77}</UniqueIdentifier>
    </Filter>
    <Filter Include="Header\Core">
      <UniqueIdentifier>{2936498F-B933-441E-8B8E-0B0106B884BE}</UniqueIdentifier>
    </Filter>
    <Filter Include="Header\Core\Asset">
      <UniqueIdentifier>{D4478531-B79C-485A-9894-2C5E7040F295}</UniqueIdentifier>
    </Filter>
    <Filter Include="Header\Core\Module">
      <UniqueIdentifier>{DE2723B7-D661-4BCE-8070-07787F3B948E}</UniqueIdentifier>
    </Filter>
    <Filter Include="Header\Core\Time">
      <UniqueIdentifier>{9D52AE9D-1B3F-43C7-B0B6-904838458417}</UniqueIdentifier>
    </Filter>
    <Filter Include="Header\Core\Platform">
      <UniqueIdentifier>{2F9F9F1F-26CD-433D-9D3C-4189E64702B8}</UniqueIdentifier>
    </Filter>
    <Filter Include="Header\Core\Platform\Web">
      <UniqueIdentifier>{1A606819-1D74-403C-A2D8-60A611B89D26}</UniqueIdentifier>
    </Filter>
    <Filter Include="Header\Core\Platform\Windows">
      <UniqueIdentifier>{8A851A03-0747-4022-A3D7-2FD6F0670F76}</UniqueIdentifier>
    </Filter>
    <Filter Include="Header\Core\Platform\Mobile">
      <UniqueIdentifier>{D778F615-27A6-4F38-B5F6-9DA7D9C39D46}</UniqueIdentifier>
    </Filter>
    <Filter Include="Header\Core\RHI">
      <UniqueIdentifier>{7F5190CE-59EF-4F40-9FEB-19862C9E7A69}</UniqueIdentifier>
    </Filter>
    <Filter Include="Header\Core\RHI\D3D11">
      <UniqueIdentifier>{49DDABBC-0879-4655-A366-D9FF297551AB}</UniqueIdentifier>
    </Filter>
    <Filter Include="Header\Core\RHI\WebGPU">
      <UniqueIdentifier>{B5B73667-A56D-4C59-99A8-529715465CFD}</UniqueIdentifier>
    </Filter>
    <Filter Include="Header\Core\RHI\Vulkan">
      <UniqueIdentifier>{3A453A71-A7EA-40ED-B286-59E9D754A889}</UniqueIdentifier>
    </Filter>
    <Filter Include="Header\Core\Debug">
      <UniqueIdentifier>{A1C3F891-2D4B-4E7F-B8C5-0D1E2F3A4B5C}</UniqueIdentifier>
    </Filter>
    <Filter Include="Header\Core\Renderer">
      <UniqueIdentifier>{3D06AC59-4AF6-48E3-BE58-1B040F3EEDE5}</UniqueIdentifier>
    </Filter>
    <Filter Include="Header\Core\Game">
      <UniqueIdentifier>{5E27ED0F-AC65-4359-B5E2-49EEDDD75F31}</UniqueIdentifier>
    </Filter>
    <Filter Include="Header\Core\Build">
      <UniqueIdentifier>{6F38F2F0-4E88-4B2E-B438-11D9C8CC6A0B}</UniqueIdentifier>
    </Filter>
    <Filter Include="Source\Core\Build">
      <UniqueIdentifier>{C6244E80-4092-4D1E-899C-85069A02202E}</UniqueIdentifier>
    </Filter>
    <Filter Include="Source\Core\Game">
      <UniqueIdentifier>{86C45320-87E1-4F23-AF9F-C5E94D7A2F6E}</UniqueIdentifier>
    </Filter>
    <Filter Include="Header\GameFramework">
      <UniqueIdentifier>{E9FA30BC-D0C7-47D1-AEF0-5403E88CCF22}</UniqueIdentifier>
    </Filter>
    <Filter Include="Header\GameFramework\Component">
      <UniqueIdentifier>{AE65A60B-34B9-4DF9-A248-108F96E83C8E}</UniqueIdentifier>
    </Filter>
    <Filter Include="Header\GameFramework\Object">
      <UniqueIdentifier>{56C0E51E-8DB5-43B5-9417-65F6C7E3F0FA}</UniqueIdentifier>
    </Filter>
    <Filter Include="Header\GameFramework\Rendering">
      <UniqueIdentifier>{8A9E6E3B-9326-422A-9497-62E86B812D71}</UniqueIdentifier>
    </Filter>
    <Filter Include="Header\GameFramework\Scene">
      <UniqueIdentifier>{C4E6D094-340C-48B0-BE3A-D077549BA85C}</UniqueIdentifier>
    </Filter>
    <Filter Include="Header\GameFramework\System">
      <UniqueIdentifier>{B0885D21-31EF-46CA-A713-086F75CFF585}</UniqueIdentifier>
    </Filter>
    <Filter Include="Header\Editor">
      <UniqueIdentifier>{347B7536-3117-4839-879A-D55F95700889}</UniqueIdentifier>
    </Filter>
    <Filter Include="Header\ThirdParty">
      <UniqueIdentifier>{593E57EE-1E0E-40E1-99F4-4320A7E01C0A}</UniqueIdentifier>
    </Filter>
    <Filter Include="Resource">
      <UniqueIdentifier>{67DA6AB6-F800-4c08-8B7A-83BB121AAD01}</UniqueIdentifier>
    </Filter>
    <Filter Include="Source\Core\FileSystem">
      <UniqueIdentifier>{137BEA12-5FD4-4DD8-B7D1-957C95209A13}</UniqueIdentifier>
    </Filter>
    <Filter Include="Source\Core\Input">
      <UniqueIdentifier>{B0972FB2-62A5-4868-9B57-70002A88856E}</UniqueIdentifier>
    </Filter>
    <Filter Include="Source\Core\Task">
      <UniqueIdentifier>{A40AB456-334D-4F5A-8459-6D233F63DCC2}</UniqueIdentifier>
    </Filter>
    <Filter Include="Source\Core\Random">
      <UniqueIdentifier>{6F11F6A7-49D4-4C50-9C98-7C58ECF94C90}</UniqueIdentifier>
    </Filter>
    <Filter Include="Source\Core\Math">
      <UniqueIdentifier>{DCA9516E-850F-4EDA-9640-F96C8311E6B0}</UniqueIdentifier>
    </Filter>
    <Filter Include="Source\GameFramework\Debug">
      <UniqueIdentifier>{D4F6E893-5C7E-6B9F-EB0A-3F4E5D6C7B8A}</UniqueIdentifier>
    </Filter>
    <Filter Include="Source\GameFramework\Physics2D">
      <UniqueIdentifier>{16BC64C2-0B71-4512-A64C-80AD4B9BF49B}</UniqueIdentifier>
    </Filter>
    <Filter Include="Header\Core\FileSystem">
      <UniqueIdentifier>{FACBFEDF-5F87-4033-BE54-808BD9623BC8}</UniqueIdentifier>
    </Filter>
    <Filter Include="Header\Core\Input">
      <UniqueIdentifier>{6E5AD630-BAEA-4650-8C05-D5713E97D2E0}</UniqueIdentifier>
    </Filter>
    <Filter Include="Header\Core\Task">
      <UniqueIdentifier>{4E8BB584-856F-44FB-BD31-98E12C743509}</UniqueIdentifier>
    </Filter>
    <Filter Include="Header\Core\Random">
      <UniqueIdentifier>{4A0DB279-A603-4FA2-B55E-89159232F08A}</UniqueIdentifier>
    </Filter>
    <Filter Include="Header\Core\Math">
      <UniqueIdentifier>{EF2E1836-496B-4142-95A7-27B4E39287B3}</UniqueIdentifier>
    </Filter>
    <Filter Include="Source\Core\Logging">
      <UniqueIdentifier>{29D05E8C-F216-4F8C-B8C5-A4E58B466948}</UniqueIdentifier>
    </Filter>
    <Filter Include="Header\Core\Logging">
      <UniqueIdentifier>{38C3E9AD-BD1B-4894-9F18-BBB2A4525F14}</UniqueIdentifier>
    </Filter>
    <Filter Include="Source\Core\Localization">
      <UniqueIdentifier>{3DBF3C75-458D-4BD5-9C8E-B963D51C76F1}</UniqueIdentifier>
    </Filter>
    <Filter Include="Header\Core\Localization">
      <UniqueIdentifier>{C34E7C69-1736-4C48-A5D5-8A356340F280}</UniqueIdentifier>
    </Filter>
    <Filter Include="Source\Core\Resource">
      <UniqueIdentifier>{A1B2C3D4-1111-2222-3333-444455556666}</UniqueIdentifier>
    </Filter>
    <Filter Include="Header\Core\Resource">
      <UniqueIdentifier>{A1B2C3D4-7777-8888-9999-AAAABBBBCCCC}</UniqueIdentifier>
    </Filter>
    <Filter Include="Header\GameFramework\Debug">
      <UniqueIdentifier>{B2D4E681-3A5C-4F8D-C9E7-1F2D3E4A5B6C}</UniqueIdentifier>
    </Filter>
    <Filter Include="Header\GameFramework\Physics2D">
      <UniqueIdentifier>{557649F1-7C94-4449-AEE6-974AE2FC625D}</UniqueIdentifier>
    </Filter>
    <Filter Include="Header\GameFramework\Component">
      <UniqueIdentifier>{F98FA019-B0D3-4B24-900B-33FB5B2F1EB1}</UniqueIdentifier>
    </Filter>
    <Filter Include="Source\GameFramework\Component">
      <UniqueIdentifier>{34457611-F645-49EA-8F50-5BC23FEACF17}</UniqueIdentifier>
    </Filter>
    <Filter Include="Header\GameFramework\Reflection">
      <UniqueIdentifier>{416DEACE-EA32-4190-B6B1-ADD9892BAC79}</UniqueIdentifier>
    </Filter>
    <Filter Include="Source\GameFramework\Reflection">
      <UniqueIdentifier>{44A9FD6C-7931-4738-95FF-B1172775A63C}</UniqueIdentifier>
    </Filter>
    <Filter Include="Header\GameFramework\Scripting">
      <UniqueIdentifier>{035F402E-CF0E-4941-90B1-DA01A194BB07}</UniqueIdentifier>
    </Filter>
    <Filter Include="Source\GameFramework\Scripting">
      <UniqueIdentifier>{1A6D3343-6CD7-4561-AFF7-78928C9F91B4}</UniqueIdentifier>
    </Filter>
    <Filter Include="Header\GameFramework\Transform">
      <UniqueIdentifier>{B2E4A7C1-3F58-4D9A-B3C2-6E7A1F2D8B45}</UniqueIdentifier>
    </Filter>
    <Filter Include="Source\GameFramework\Transform">
      <UniqueIdentifier>{C3F5B8D2-4A69-5E0B-C4D3-7F8B2G3E9C56}</UniqueIdentifier>
    </Filter>
    <Filter Include="Source\GameFramework\Prefab">
      <UniqueIdentifier>{E0823F05-1515-48E9-9511-BF2DBDCE2448}</UniqueIdentifier>
    </Filter>
    <Filter Include="Header\GameFramework\Prefab">
      <UniqueIdentifier>{0899FB62-1F4E-4C45-AC44-F754F0157980}</UniqueIdentifier>
    </Filter>
    <Filter Include="Source\Core\Network">
      <UniqueIdentifier>{B1A3F742-9C1E-4D5A-B823-1F2C3A4B5D6E}</UniqueIdentifier>
    </Filter>
    <Filter Include="Source\Core\Network\Windows">
      <UniqueIdentifier>{C2B4G853-AD2F-5E6B-C934-2G3D4B5C6E7F}</UniqueIdentifier>
    </Filter>
    <Filter Include="Source\Core\Network\Web">
      <UniqueIdentifier>{D3C5H964-BE3G-6F7C-DA45-3H4E5C6D7F8G}</UniqueIdentifier>
    </Filter>
    <Filter Include="Header\Core\Network">
      <UniqueIdentifier>{E4D6I075-CF4H-7G8D-EB56-4I5F6D7E8G9H}</UniqueIdentifier>
    </Filter>
    <Filter Include="Header\Core\Network\Windows">
      <UniqueIdentifier>{F5E7J186-DG5I-8H9E-FC67-5J6G7E8F9H0I}</UniqueIdentifier>
    </Filter>
    <Filter Include="Header\Core\Network\Web">
      <UniqueIdentifier>{G6F8K297-EH6J-9I0F-GD78-6K7H8F9G0I1J}</UniqueIdentifier>
    </Filter>
  </ItemGroup>
  <ItemGroup>
    <ClInclude Include="Framework.h">
      <Filter>Header</Filter>
    </ClInclude>
    <ClInclude Include="pch.h">
      <Filter>Header</Filter>
    </ClInclude>
    <ClInclude Include="Utillity\Framework.h">
      <Filter>Header\Utillity</Filter>
    </ClInclude>
    <ClInclude Include="Utillity\Base\BitFlag.h">
      <Filter>Header\Utillity\Base</Filter>
    </ClInclude>
    <ClInclude Include="Utillity\Base\Defines.h">
      <Filter>Header\Utillity\Base</Filter>
    </ClInclude>
    <ClInclude Include="Utillity\Base\Error.h">
      <Filter>Header\Utillity\Base</Filter>
    </ClInclude>
    <ClInclude Include="Utillity\Base\Utillities.h">
      <Filter>Header\Utillity\Base</Filter>
    </ClInclude>
    <ClInclude Include="Utillity\File\FilePath.h">
      <Filter>Header\Utillity\File</Filter>
    </ClInclude>
    <ClInclude Include="Utillity\File\FileUtillities.h">
      <Filter>Header\Utillity\File</Filter>
    </ClInclude>
    <ClInclude Include="Utillity\Math\Layout2D.h">
      <Filter>Header\Utillity\Math</Filter>
    </ClInclude>
    <ClInclude Include="Utillity\Math\Matrix3x2.h">
      <Filter>Header\Utillity\Math</Filter>
    </ClInclude>
    <ClInclude Include="Utillity\Math\RectT.h">
      <Filter>Header\Utillity\Math</Filter>
    </ClInclude>
    <ClInclude Include="Utillity\Math\SizeT.h">
      <Filter>Header\Utillity\Math</Filter>
    </ClInclude>
    <ClInclude Include="Utillity\Math\Vector2T.h">
      <Filter>Header\Utillity\Math</Filter>
    </ClInclude>
    <ClInclude Include="Utillity\Pointer\SafePtr.h">
      <Filter>Header\Utillity\Pointer</Filter>
    </ClInclude>
    <ClInclude Include="Utillity\String\StringUtillity.h">
      <Filter>Header\Utillity\String</Filter>
    </ClInclude>
    <ClInclude Include="Utillity\Types\AngleConstants.h">
      <Filter>Header\Utillity\Types</Filter>
    </ClInclude>
    <ClInclude Include="Utillity\Types\Asset.h">
      <Filter>Header\Utillity\Types</Filter>
    </ClInclude>
    <ClInclude Include="Utillity\Types\Bool.h">
      <Filter>Header\Utillity\Types</Filter>
    </ClInclude>
    <ClInclude Include="Utillity\Types\Degree.h">
      <Filter>Header\Utillity\Types</Filter>
    </ClInclude>
    <ClInclude Include="Utillity\Types\EngineTypes.h">
      <Filter>Header\Utillity\Types</Filter>
    </ClInclude>
    <ClInclude Include="Utillity\Types\Float.h">
      <Filter>Header\Utillity\Types</Filter>
    </ClInclude>
    <ClInclude Include="Utillity\Types\Int.h">
      <Filter>Header\Utillity\Types</Filter>
    </ClInclude>
    <ClInclude Include="Utillity\Types\Radian.h">
      <Filter>Header\Utillity\Types</Filter>
    </ClInclude>
    <ClInclude Include="Utillity\Types\String.h">
      <Filter>Header\Utillity\Types</Filter>
    </ClInclude>
    <ClInclude Include="Utillity\Types\Types.h">
      <Filter>Header\Utillity\Types</Filter>
    </ClInclude>
    <ClInclude Include="Utillity\Types\UInt.h">
      <Filter>Header\Utillity\Types</Filter>
    </ClInclude>
    <ClInclude Include="Application\Application.h">
      <Filter>Header\Application</Filter>
    </ClInclude>
    <ClInclude Include="Core\Asset\AssetManager.h">
      <Filter>Header\Core\Asset</Filter>
    </ClInclude>
    <ClInclude Include="Core\Asset\AssetMetaFile.h">
      <Filter>Header\Core\Asset</Filter>
    </ClInclude>
    <ClInclude Include="Core\Asset\AssetPackage.h">
      <Filter>Header\Core\Asset</Filter>
    </ClInclude>
    <ClInclude Include="Core\Asset\AssetPath.h">
      <Filter>Header\Core\Asset</Filter>
    </ClInclude>
    <ClInclude Include="Core\Asset\AssetRegistry.h">
      <Filter>Header\Core\Asset</Filter>
    </ClInclude>
    <ClInclude Include="Core\Asset\AssetTypes.h">
      <Filter>Header\Core\Asset</Filter>
    </ClInclude>
    <ClInclude Include="Core\Asset\FileAsset.h">
      <Filter>Header\Core\Asset</Filter>
    </ClInclude>
    <ClInclude Include="Core\Asset\IAsset.h">
      <Filter>Header\Core\Asset</Filter>
    </ClInclude>
    <ClInclude Include="Core\Asset\IAssetLoader.h">
      <Filter>Header\Core\Asset</Filter>
    </ClInclude>
    <ClInclude Include="Core\Asset\IAssetManager.h">
      <Filter>Header\Core\Asset</Filter>
    </ClInclude>
    <ClInclude Include="Core\Asset\IAssetRegistry.h">
      <Filter>Header\Core\Asset</Filter>
    </ClInclude>
    <ClInclude Include="Core\Asset\MaterialAsset.h">
      <Filter>Header\Core\Asset</Filter>
    </ClInclude>
    <ClInclude Include="Core\Asset\SpriteAsset.h">
      <Filter>Header\Core\Asset</Filter>
    </ClInclude>
    <ClInclude Include="Core\Core.h">
      <Filter>Header\Core</Filter>
    </ClInclude>
    <ClInclude Include="Core\Debug\Debug.h">
      <Filter>Header\Core</Filter>
    </ClInclude>
    <ClInclude Include="Core\Engine.h">
      <Filter>Header\Core</Filter>
    </ClInclude>
    <ClInclude Include="Core\EngineCore.h">
      <Filter>Header\Core</Filter>
    </ClInclude>
    <ClInclude Include="Core\Game\GameModuleTypes.h">
      <Filter>Header\Core\Game</Filter>
    </ClInclude>
    <ClInclude Include="Core\Game\GameModuleLoader.h">
      <Filter>Header\Core\Game</Filter>
    </ClInclude>
    <ClInclude Include="Core\Build\BuildManifest.h">
      <Filter>Header\Core\Build</Filter>
    </ClInclude>
    <ClInclude Include="Core\Math\MathService.h">
      <Filter>Header\Core\Math</Filter>
    </ClInclude>
    <ClInclude Include="Core\Game\IGameModule.h">
      <Filter>Header\Core\Game</Filter>
    </ClInclude>
    <ClInclude Include="Core\Module\Module.h">
      <Filter>Header\Core\Module</Filter>
    </ClInclude>
    <ClInclude Include="Core\Platform\IPlatform.h">
      <Filter>Header\Core\Platform</Filter>
    </ClInclude>
    <ClInclude Include="Core\Platform\IRenderSurface.h">
      <Filter>Header\Core\Platform</Filter>
    </ClInclude>
    <ClInclude Include="Core\Platform\Mobile\MobilePlatform.h">
      <Filter>Header\Core\Platform\Mobile</Filter>
    </ClInclude>
    <ClInclude Include="Core\Platform\Mobile\MobileRenderSurface.h">
      <Filter>Header\Core\Platform\Mobile</Filter>
    </ClInclude>
    <ClInclude Include="Core\Platform\PlatformDefines.h">
      <Filter>Header\Core\Platform</Filter>
    </ClInclude>
    <ClInclude Include="Core\Platform\PlatformTypes.h">
      <Filter>Header\Core\Platform</Filter>
    </ClInclude>
    <ClInclude Include="Core\Platform\Web\WebCanvasSurface.h">
      <Filter>Header\Core\Platform\Web</Filter>
    </ClInclude>
    <ClInclude Include="Core\Platform\Web\WebPlatform.h">
      <Filter>Header\Core\Platform\Web</Filter>
    </ClInclude>
    <ClInclude Include="Core\Platform\Windows\WindowsPlatform.h">
      <Filter>Header\Core\Platform\Windows</Filter>
    </ClInclude>
    <ClInclude Include="Core\Platform\Windows\WindowsRenderSurface.h">
      <Filter>Header\Core\Platform\Windows</Filter>
    </ClInclude>
    <ClInclude Include="Core\Platform\RenderSurfaceTypes.h">
      <Filter>Header\Core\Platform</Filter>
    </ClInclude>
    <ClInclude Include="Core\RHI\D3D11\D3D11CommandContext.h">
      <Filter>Header\Core\RHI\D3D11</Filter>
    </ClInclude>
    <ClInclude Include="Core\RHI\D3D11\D3D11Buffer.h">
      <Filter>Header\Core\RHI\D3D11</Filter>
    </ClInclude>
    <ClInclude Include="Core\RHI\D3D11\D3D11GraphicsPipeline.h">
      <Filter>Header\Core\RHI\D3D11</Filter>
    </ClInclude>
    <ClInclude Include="Core\RHI\D3D11\D3D11Program.h">
      <Filter>Header\Core\RHI\D3D11</Filter>
    </ClInclude>
    <ClInclude Include="Core\RHI\D3D11\D3D11Sampler.h">
      <Filter>Header\Core\RHI\D3D11</Filter>
    </ClInclude>
    <ClInclude Include="Core\RHI\D3D11\D3D11RHIDevice.h">
      <Filter>Header\Core\RHI\D3D11</Filter>
    </ClInclude>
    <ClInclude Include="Core\RHI\D3D11\D3D11Swapchain.h">
      <Filter>Header\Core\RHI\D3D11</Filter>
    </ClInclude>
    <ClInclude Include="Core\RHI\D3D11\D3D11Texture.h">
      <Filter>Header\Core\RHI\D3D11</Filter>
    </ClInclude>
    <ClInclude Include="Core\RHI\EmptyRHIDevice.h">
      <Filter>Header\Core\RHI</Filter>
    </ClInclude>
    <ClInclude Include="Core\RHI\Vulkan\VulkanBuffer.h">
      <Filter>Header\Core\RHI\Vulkan</Filter>
    </ClInclude>
    <ClInclude Include="Core\RHI\Vulkan\VulkanCommandContext.h">
      <Filter>Header\Core\RHI\Vulkan</Filter>
    </ClInclude>
    <ClInclude Include="Core\RHI\Vulkan\VulkanCommon.h">
      <Filter>Header\Core\RHI\Vulkan</Filter>
    </ClInclude>
    <ClInclude Include="Core\RHI\Vulkan\VulkanGraphicsPipeline.h">
      <Filter>Header\Core\RHI\Vulkan</Filter>
    </ClInclude>
    <ClInclude Include="Core\RHI\Vulkan\VulkanProgram.h">
      <Filter>Header\Core\RHI\Vulkan</Filter>
    </ClInclude>
    <ClInclude Include="Core\RHI\Vulkan\VulkanRHIDevice.h">
      <Filter>Header\Core\RHI\Vulkan</Filter>
    </ClInclude>
    <ClInclude Include="Core\RHI\Vulkan\VulkanSampler.h">
      <Filter>Header\Core\RHI\Vulkan</Filter>
    </ClInclude>
    <ClInclude Include="Core\RHI\Vulkan\VulkanSwapchain.h">
      <Filter>Header\Core\RHI\Vulkan</Filter>
    </ClInclude>
    <ClInclude Include="Core\RHI\Vulkan\VulkanTexture.h">
      <Filter>Header\Core\RHI\Vulkan</Filter>
    </ClInclude>
    <ClInclude Include="Core\RHI\IRHIBuffer.h">
      <Filter>Header\Core\RHI</Filter>
    </ClInclude>
    <ClInclude Include="Core\RHI\IRHICommandContext.h">
      <Filter>Header\Core\RHI</Filter>
    </ClInclude>
    <ClInclude Include="Core\RHI\IRHIDevice.h">
      <Filter>Header\Core\RHI</Filter>
    </ClInclude>
    <ClInclude Include="Core\RHI\IRHIGraphicsPipeline.h">
      <Filter>Header\Core\RHI</Filter>
    </ClInclude>
    <ClInclude Include="Core\RHI\IRHIProgram.h">
      <Filter>Header\Core\RHI</Filter>
    </ClInclude>
    <ClInclude Include="Core\RHI\IRHISampler.h">
      <Filter>Header\Core\RHI</Filter>
    </ClInclude>
    <ClInclude Include="Core\RHI\IRHISwapchain.h">
      <Filter>Header\Core\RHI</Filter>
    </ClInclude>
    <ClInclude Include="Core\RHI\IRHITexture.h">
      <Filter>Header\Core\RHI</Filter>
    </ClInclude>
    <ClInclude Include="Core\RHI\RHICommandTypes.h">
      <Filter>Header\Core\RHI</Filter>
    </ClInclude>
    <ClInclude Include="Core\RHI\RHIGraphicsTypes.h">
      <Filter>Header\Core\RHI</Filter>
    </ClInclude>
    <ClInclude Include="Core\RHI\RHIResource.h">
      <Filter>Header\Core\RHI</Filter>
    </ClInclude>
    <ClInclude Include="Core\RHI\RHITypes.h">
      <Filter>Header\Core\RHI</Filter>
    </ClInclude>
    <ClInclude Include="Core\RHI\WebGPU\WebGPUBuffer.h">
      <Filter>Header\Core\RHI\WebGPU</Filter>
    </ClInclude>
    <ClInclude Include="Core\RHI\WebGPU\WebGPUCommandContext.h">
      <Filter>Header\Core\RHI\WebGPU</Filter>
    </ClInclude>
    <ClInclude Include="Core\RHI\WebGPU\WebGPUCommon.h">
      <Filter>Header\Core\RHI\WebGPU</Filter>
    </ClInclude>
    <ClInclude Include="Core\RHI\WebGPU\WebGPUGraphicsPipeline.h">
      <Filter>Header\Core\RHI\WebGPU</Filter>
    </ClInclude>
    <ClInclude Include="Core\RHI\WebGPU\WebGPURHIDevice.h">
      <Filter>Header\Core\RHI\WebGPU</Filter>
    </ClInclude>
    <ClInclude Include="Core\RHI\WebGPU\WebGPUProgram.h">
      <Filter>Header\Core\RHI\WebGPU</Filter>
    </ClInclude>
    <ClInclude Include="Core\RHI\WebGPU\WebGPUSampler.h">
      <Filter>Header\Core\RHI\WebGPU</Filter>
    </ClInclude>
    <ClInclude Include="Core\RHI\WebGPU\WebGPUSwapchain.h">
      <Filter>Header\Core\RHI\WebGPU</Filter>
    </ClInclude>
    <ClInclude Include="Core\RHI\WebGPU\WebGPUTexture.h">
      <Filter>Header\Core\RHI\WebGPU</Filter>
    </ClInclude>
    <ClInclude Include="Core\Debug\DebugDraw.h">
      <Filter>Header\Core\Debug</Filter>
    </ClInclude>
    <ClInclude Include="Core\Debug\DebugDraw2D.h">
      <Filter>Header\Core\Debug</Filter>
    </ClInclude>
    <ClInclude Include="Core\Debug\DebugRenderer.h">
      <Filter>Header\Core\Debug</Filter>
    </ClInclude>
    <ClInclude Include="Core\Debug\DebugRenderer2D.h">
      <Filter>Header\Core\Debug</Filter>
    </ClInclude>
    <ClInclude Include="Core\Debug\OutlineRenderer2D.h">
      <Filter>Header\Core\Debug</Filter>
    </ClInclude>
    <ClInclude Include="Core\Renderer\Forward2DRenderer.h">
      <Filter>Header\Core\Renderer</Filter>
    </ClInclude>
    <ClInclude Include="Core\Renderer\IRenderer.h">
      <Filter>Header\Core\Renderer</Filter>
    </ClInclude>
    <ClInclude Include="Core\Renderer\IRenderMaterial.h">
      <Filter>Header\Core\Renderer</Filter>
    </ClInclude>
    <ClInclude Include="Core\Renderer\IRenderMesh.h">
      <Filter>Header\Core\Renderer</Filter>
    </ClInclude>
    <ClInclude Include="Core\Renderer\IRenderResource.h">
      <Filter>Header\Core\Renderer</Filter>
    </ClInclude>
    <ClInclude Include="Core\Renderer\IRenderScene.h">
      <Filter>Header\Core\Renderer</Filter>
    </ClInclude>
    <ClInclude Include="Core\Renderer\RenderResources2D.h">
      <Filter>Header\Core\Renderer</Filter>
    </ClInclude>
    <ClInclude Include="Core\Renderer\RenderScene.h">
      <Filter>Header\Core\Renderer</Filter>
    </ClInclude>
    <ClInclude Include="Core\Renderer\RendererTypes.h">
      <Filter>Header\Core\Renderer</Filter>
    </ClInclude>
    <ClInclude Include="Core\Random\RandomService.h">
      <Filter>Header\Core\Random</Filter>
    </ClInclude>
    <ClInclude Include="Core\Task\Task.h">
      <Filter>Header\Core\Task</Filter>
    </ClInclude>
    <ClInclude Include="Core\Task\TaskGroup.h">
      <Filter>Header\Core\Task</Filter>
    </ClInclude>
    <ClInclude Include="Core\Task\TaskManager.h">
      <Filter>Header\Core\Task</Filter>
    </ClInclude>
    <ClInclude Include="Core\Task\TaskTypes.h">
      <Filter>Header\Core\Task</Filter>
    </ClInclude>
    <ClInclude Include="Core\Time\Time.h">
      <Filter>Header\Core\Time</Filter>
    </ClInclude>
    <ClInclude Include="GameFramework\Component\Camera2D.h">
      <Filter>Header\GameFramework\Component</Filter>
    </ClInclude>
    <ClInclude Include="GameFramework\Component\SpriteRenderer2D.h">
      <Filter>Header\GameFramework\Component</Filter>
    </ClInclude>
    <ClInclude Include="GameFramework\Component\Transform2D.h">
      <Filter>Header\GameFramework\Component</Filter>
    </ClInclude>
    <ClInclude Include="GameFramework\Object\GameObject.h">
      <Filter>Header\GameFramework\Object</Filter>
    </ClInclude>
    <ClInclude Include="GameFramework\Object\Ref.h">
      <Filter>Header\GameFramework\Object</Filter>
    </ClInclude>
    <ClInclude Include="GameFramework\Component\PrefabInstance.h">
      <Filter>Header\GameFramework\Component</Filter>
    </ClInclude>
    <ClInclude Include="GameFramework\Prefab\PrefabSerializer.h">
      <Filter>Header\GameFramework\Prefab</Filter>
    </ClInclude>
    <ClInclude Include="GameFramework\Prefab\PrefabTypes.h">
      <Filter>Header\GameFramework\Prefab</Filter>
    </ClInclude>
    <ClInclude Include="GameFramework\Rendering\GameCamera.h">
      <Filter>Header\GameFramework\Rendering</Filter>
    </ClInclude>
    <ClInclude Include="GameFramework\Rendering\SpriteRenderSystem.h">
      <Filter>Header\GameFramework\Rendering</Filter>
    </ClInclude>
    <ClInclude Include="GameFramework\Scene\Scene.h">
      <Filter>Header\GameFramework\Scene</Filter>
    </ClInclude>
    <ClInclude Include="GameFramework\Scene\SceneManager.h">
      <Filter>Header\GameFramework\Scene</Filter>
    </ClInclude>
    <ClInclude Include="GameFramework\Scene\SceneSerializer.h">
      <Filter>Header\GameFramework\Scene</Filter>
    </ClInclude>
    <ClInclude Include="GameFramework\Scene\SceneSnapshot.h">
      <Filter>Header\GameFramework\Scene</Filter>
    </ClInclude>
    <ClInclude Include="GameFramework\Scene\SceneTypes.h">
      <Filter>Header\GameFramework\Scene</Filter>
    </ClInclude>
    <ClInclude Include="GameFramework\System\GameSystem.h">
      <Filter>Header\GameFramework\System</Filter>
    </ClInclude>
    <ClInclude Include="GameFramework\Component\Light2D.h">
      <Filter>Header\GameFramework\Component</Filter>
    </ClInclude>
    <ClInclude Include="GameFramework\Physics2D\Physics2DTypes.h">
      <Filter>Header\GameFramework\Physics2D</Filter>
    </ClInclude>
    <ClInclude Include="Core\Input\IInputMessageHandler.h">
      <Filter>Header\Core\Input</Filter>
    </ClInclude>
    <ClInclude Include="Core\FileSystem\FileSystem.h">
      <Filter>Header\Core\FileSystem</Filter>
    </ClInclude>
    <ClInclude Include="Core\Input\InputTypes.h">
      <Filter>Header\Core\Input</Filter>
    </ClInclude>
    <ClInclude Include="GameFramework\Physics2D\Physics2DGeometry.h">
      <Filter>Header\GameFramework\Physics2D</Filter>
    </ClInclude>
    <ClInclude Include="Core\Network\NetworkTypes.h">
      <Filter>Header\Core\Network</Filter>
    </ClInclude>
    <ClInclude Include="Core\Network\INetworkTransport.h">
      <Filter>Header\Core\Network</Filter>
    </ClInclude>
    <ClInclude Include="Core\Network\INetworkManager.h">
      <Filter>Header\Core\Network</Filter>
    </ClInclude>
    <ClInclude Include="Core\Network\NetworkManager.h">
      <Filter>Header\Core\Network</Filter>
    </ClInclude>
    <ClInclude Include="Core\Network\Windows\WinSockTransport.h">
      <Filter>Header\Core\Network\Windows</Filter>
    </ClInclude>
    <ClInclude Include="Core\Network\Web\WebSocketTransport.h">
      <Filter>Header\Core\Network\Web</Filter>
    </ClInclude>
    <ClInclude Include="Core\FileSystem\FileSystemTypes.h">
      <Filter>Header\Core\FileSystem</Filter>
    </ClInclude>
    <ClInclude Include="Core\Logging\Logger.h">
      <Filter>Header\Core\Logging</Filter>
    </ClInclude>
    <ClInclude Include="Core\Logging\LoggerInternal.h">
      <Filter>Header\Core\Logging</Filter>
    </ClInclude>
    <ClInclude Include="Core\Logging\LoggerTypes.h">
      <Filter>Header\Core\Logging</Filter>
    </ClInclude>
    <ClInclude Include="Core\Localization\LocalizationManager.h">
      <Filter>Header\Core\Localization</Filter>
    </ClInclude>
    <ClInclude Include="Core\Resource\ResourceRegistry.h">
      <Filter>Header\Core\Resource</Filter>
    </ClInclude>
    <ClInclude Include="GameFramework\Debug\SceneDebugDrawSystem.h">
      <Filter>Header\GameFramework\Debug</Filter>
    </ClInclude>
    <ClInclude Include="GameFramework\Physics2D\Physics2DSystem.h">
      <Filter>Header\GameFramework\Physics2D</Filter>
    </ClInclude>
    <ClInclude Include="Core\Input\Input.h">
      <Filter>Header\Core\Input</Filter>
    </ClInclude>
    <ClInclude Include="GameFramework\Component\Physics2DComponents.h">
      <Filter>Header\GameFramework\Component</Filter>
    </ClInclude>
    <ClInclude Include="GameFramework\Component\ScriptComponent.h">
      <Filter>Header\GameFramework\Component</Filter>
    </ClInclude>
    <ClInclude Include="GameFramework\Component\BuiltinComponentRegistry.h">
      <Filter>Header\GameFramework\Component</Filter>
    </ClInclude>
    <ClInclude Include="GameFramework\Reflection\ReflectionTypes.h">
      <Filter>Header\GameFramework\Reflection</Filter>
    </ClInclude>
    <ClInclude Include="GameFramework\Reflection\ReflectionRegistry.h">
      <Filter>Header\GameFramework\Reflection</Filter>
    </ClInclude>
    <ClInclude Include="GameFramework\Scripting\GameScript.h">
      <Filter>Header\GameFramework\Scripting</Filter>
    </ClInclude>
    <ClInclude Include="GameFramework\Scripting\ScriptSystem.h">
      <Filter>Header\GameFramework\Scripting</Filter>
    </ClInclude>
    <ClInclude Include="GameFramework\Component\WorldTransform2D.h">
      <Filter>Header\GameFramework\Component</Filter>
    </ClInclude>
    <ClInclude Include="GameFramework\Transform\TransformSystem.h">
      <Filter>Header\GameFramework\Transform</Filter>
    </ClInclude>
    <ClInclude Include="Editor\FileSystem\FileWatcherTypes.h">
      <Filter>Header\Editor</Filter>
    </ClInclude>
    <ClInclude Include="Editor\FileSystem\IFileWatcher.h">
      <Filter>Header\Editor</Filter>
    </ClInclude>
    <ClInclude Include="Editor\FileSystem\Windows\WindowsFileWatcher.h">
      <Filter>Header\Editor</Filter>
    </ClInclude>
    <ClInclude Include="Editor\LiveCompile\CompilePipeline.h">
      <Filter>Header\Editor</Filter>
    </ClInclude>
    <ClInclude Include="Editor\LiveCompile\IDynamicLibrary.h">
      <Filter>Header\Editor</Filter>
    </ClInclude>
    <ClInclude Include="Editor\LiveCompile\ICompilePipeline.h">
      <Filter>Header\Editor</Filter>
    </ClInclude>
    <ClInclude Include="Editor\LiveCompile\ILiveCompileManager.h">
      <Filter>Header\Editor</Filter>
    </ClInclude>
    <ClInclude Include="Editor\LiveCompile\LiveCompileManager.h">
      <Filter>Header\Editor</Filter>
    </ClInclude>
    <ClInclude Include="Editor\LiveCompile\LiveCompileTypes.h">
      <Filter>Header\Editor</Filter>
    </ClInclude>
    <ClInclude Include="Editor\LiveCompile\Windows\WindowsDynamicLibrary.h">
      <Filter>Header\Editor</Filter>
    </ClInclude>
    <ClInclude Include="Editor\ScriptModule\ScriptModuleLoader.h">
      <Filter>Header\Editor</Filter>
    </ClInclude>
    <ClInclude Include="Editor\Project\GameScriptProjectGenerator.h">
      <Filter>Header\Editor</Filter>
    </ClInclude>
    <ClInclude Include="Editor\Project\ProjectManager.h">
      <Filter>Header\Editor</Filter>
    </ClInclude>
    <ClInclude Include="Editor\Project\AssetDatabase.h">
      <Filter>Header\Editor</Filter>
    </ClInclude>
    <ClInclude Include="Editor\Project\ProjectTypes.h">
      <Filter>Header\Editor</Filter>
    </ClInclude>
    <ClInclude Include="Editor\ImEditor.h">
      <Filter>Header</Filter>
    </ClInclude>
    <ClInclude Include="Editor\ImGuiUtillity.h">
      <Filter>Header</Filter>
    </ClInclude>
    <ClInclude Include="Editor\ImItem\ImText.h">
      <Filter>Header</Filter>
    </ClInclude>
    <ClInclude Include="Editor\ImWindow\IImPopupWindow.h">
      <Filter>Header</Filter>
    </ClInclude>
    <ClInclude Include="Editor\ImWindow\IImWindow.h">
      <Filter>Header</Filter>
    </ClInclude>
    <ClInclude Include="Editor\ImWindow\ImCustomWindow.h">
      <Filter>Header</Filter>
    </ClInclude>
    <ClInclude Include="Editor\ImWindow\ImDockWindow.h">
      <Filter>Header</Filter>
    </ClInclude>
    <ClInclude Include="Editor\ImWindow\ImPopupWindow.h">
      <Filter>Header</Filter>
    </ClInclude>
    <ClInclude Include="Editor\ImWindow\ImWindow.h">
      <Filter>Header</Filter>
    </ClInclude>
    <ClInclude Include="Editor\ImWindow\ImWindowContext.h">
      <Filter>Header</Filter>
    </ClInclude>
    <ClInclude Include="Editor\ImWindow\ImWindowFlag.h">
      <Filter>Header</Filter>
    </ClInclude>
    <ClInclude Include="ThirdParty\imconfig.h">
      <Filter>Header</Filter>
    </ClInclude>
    <ClInclude Include="ThirdParty\yaml-cpp\anchor.h">
      <Filter>Header</Filter>
    </ClInclude>
    <ClInclude Include="ThirdParty\yaml-cpp\binary.h">
      <Filter>Header</Filter>
    </ClInclude>
    <ClInclude Include="ThirdParty\yaml-cpp\contrib\anchordict.h">
      <Filter>Header</Filter>
    </ClInclude>
    <ClInclude Include="ThirdParty\yaml-cpp\contrib\graphbuilder.h">
      <Filter>Header</Filter>
    </ClInclude>
    <ClInclude Include="ThirdParty\yaml-cpp\depthguard.h">
      <Filter>Header</Filter>
    </ClInclude>
    <ClInclude Include="ThirdParty\yaml-cpp\dll.h">
      <Filter>Header</Filter>
    </ClInclude>
    <ClInclude Include="ThirdParty\yaml-cpp\emitfromevents.h">
      <Filter>Header</Filter>
    </ClInclude>
    <ClInclude Include="ThirdParty\yaml-cpp\emitter.h">
      <Filter>Header</Filter>
    </ClInclude>
    <ClInclude Include="ThirdParty\yaml-cpp\emitterdef.h">
      <Filter>Header</Filter>
    </ClInclude>
    <ClInclude Include="ThirdParty\yaml-cpp\emittermanip.h">
      <Filter>Header</Filter>
    </ClInclude>
    <ClInclude Include="ThirdParty\yaml-cpp\emitterstyle.h">
      <Filter>Header</Filter>
    </ClInclude>
    <ClInclude Include="ThirdParty\yaml-cpp\eventhandler.h">
      <Filter>Header</Filter>
    </ClInclude>
    <ClInclude Include="ThirdParty\yaml-cpp\exceptions.h">
      <Filter>Header</Filter>
    </ClInclude>
    <ClInclude Include="ThirdParty\yaml-cpp\fptostring.h">
      <Filter>Header</Filter>
    </ClInclude>
    <ClInclude Include="ThirdParty\yaml-cpp\mark.h">
      <Filter>Header</Filter>
    </ClInclude>
    <ClInclude Include="ThirdParty\yaml-cpp\node\convert.h">
      <Filter>Header</Filter>
    </ClInclude>
    <ClInclude Include="ThirdParty\yaml-cpp\node\detail\impl.h">
      <Filter>Header</Filter>
    </ClInclude>
    <ClInclude Include="ThirdParty\yaml-cpp\node\detail\iterator.h">
      <Filter>Header</Filter>
    </ClInclude>
    <ClInclude Include="ThirdParty\yaml-cpp\node\detail\iterator_fwd.h">
      <Filter>Header</Filter>
    </ClInclude>
    <ClInclude Include="ThirdParty\yaml-cpp\node\detail\memory.h">
      <Filter>Header</Filter>
    </ClInclude>
    <ClInclude Include="ThirdParty\yaml-cpp\node\detail\node.h">
      <Filter>Header</Filter>
    </ClInclude>
    <ClInclude Include="ThirdParty\yaml-cpp\node\detail\node_data.h">
      <Filter>Header</Filter>
    </ClInclude>
    <ClInclude Include="ThirdParty\yaml-cpp\node\detail\node_iterator.h">
      <Filter>Header</Filter>
    </ClInclude>
    <ClInclude Include="ThirdParty\yaml-cpp\node\detail\node_ref.h">
      <Filter>Header</Filter>
    </ClInclude>
    <ClInclude Include="ThirdParty\yaml-cpp\node\emit.h">
      <Filter>Header</Filter>
    </ClInclude>
    <ClInclude Include="ThirdParty\yaml-cpp\node\impl.h">
      <Filter>Header</Filter>
    </ClInclude>
    <ClInclude Include="ThirdParty\yaml-cpp\node\iterator.h">
      <Filter>Header</Filter>
    </ClInclude>
    <ClInclude Include="ThirdParty\yaml-cpp\node\node.h">
      <Filter>Header</Filter>
    </ClInclude>
    <ClInclude Include="ThirdParty\yaml-cpp\node\parse.h">
      <Filter>Header</Filter>
    </ClInclude>
    <ClInclude Include="ThirdParty\yaml-cpp\node\ptr.h">
      <Filter>Header</Filter>
    </ClInclude>
    <ClInclude Include="ThirdParty\yaml-cpp\node\type.h">
      <Filter>Header</Filter>
    </ClInclude>
    <ClInclude Include="ThirdParty\yaml-cpp\noexcept.h">
      <Filter>Header</Filter>
    </ClInclude>
    <ClInclude Include="ThirdParty\yaml-cpp\null.h">
      <Filter>Header</Filter>
    </ClInclude>
    <ClInclude Include="ThirdParty\yaml-cpp\ostream_wrapper.h">
      <Filter>Header</Filter>
    </ClInclude>
    <ClInclude Include="ThirdParty\yaml-cpp\parser.h">
      <Filter>Header</Filter>
    </ClInclude>
    <ClInclude Include="ThirdParty\yaml-cpp\stlemitter.h">
      <Filter>Header</Filter>
    </ClInclude>
    <ClInclude Include="ThirdParty\yaml-cpp\traits.h">
      <Filter>Header</Filter>
    </ClInclude>
    <ClInclude Include="ThirdParty\yaml-cpp\yaml.h">
      <Filter>Header</Filter>
    </ClInclude>
    <ClInclude Include="Editor\ImItem\ImTree.h">
      <Filter>Header</Filter>
    </ClInclude>
    <ClInclude Include="Editor\ImItem\ImList.h">
      <Filter>Header</Filter>
    </ClInclude>
    <ClInclude Include="ThirdParty\imgui\imconfig.h">
      <Filter>Header</Filter>
    </ClInclude>
    <ClInclude Include="ThirdParty\imgui\imgui.h">
      <Filter>Header</Filter>
    </ClInclude>
    <ClInclude Include="ThirdParty\imgui\imgui_impl_dx11.h">
      <Filter>Header</Filter>
    </ClInclude>
    <ClInclude Include="ThirdParty\imgui\imgui_impl_win32.h">
      <Filter>Header</Filter>
    </ClInclude>
    <ClInclude Include="ThirdParty\imgui\imgui_internal.h">
      <Filter>Header</Filter>
    </ClInclude>
    <ClInclude Include="ThirdParty\imgui\imgui_stdlib.h">
      <Filter>Header</Filter>
    </ClInclude>
    <ClInclude Include="ThirdParty\imgui\imstb_rectpack.h">
      <Filter>Header</Filter>
    </ClInclude>
    <ClInclude Include="ThirdParty\imgui\imstb_textedit.h">
      <Filter>Header</Filter>
    </ClInclude>
    <ClInclude Include="ThirdParty\imgui\imstb_truetype.h">
      <Filter>Header</Filter>
    </ClInclude>
    <ClInclude Include="Editor\ImItem\ImSplitter.h">
      <Filter>Header</Filter>
    </ClInclude>
    <ClInclude Include="Core\Asset\AudioAsset.h">
      <Filter>Header</Filter>
    </ClInclude>
    <ClInclude Include="Core\Asset\AudioEffectAsset.h">
      <Filter>Header</Filter>
    </ClInclude>
    <ClInclude Include="Core\Audio\AudioTypes.h">
      <Filter>Header</Filter>
    </ClInclude>
    <ClInclude Include="Core\Audio\IAudioBus.h">
      <Filter>Header</Filter>
    </ClInclude>
    <ClInclude Include="Core\Audio\IAudioDevice.h">
      <Filter>Header</Filter>
    </ClInclude>
    <ClInclude Include="Core\Audio\IAudioEffect.h">
      <Filter>Header</Filter>
    </ClInclude>
    <ClInclude Include="Core\Audio\IAudioListener.h">
      <Filter>Header</Filter>
    </ClInclude>
    <ClInclude Include="Core\Audio\IAudioPlayer.h">
      <Filter>Header</Filter>
    </ClInclude>
    <ClInclude Include="Core\Audio\EmptyAudio\EmptyAudioDevice.h">
      <Filter>Header</Filter>
    </ClInclude>
    <ClInclude Include="Core\Audio\MiniAudio\MiniAudioDevice.h">
      <Filter>Header</Filter>
    </ClInclude>
    <ClInclude Include="Core\CoreAll.h">
      <Filter>Header</Filter>
    </ClInclude>
    <ClInclude Include="Core\Renderer\IRenderResourceCache.h">
      <Filter>Header</Filter>
    </ClInclude>
    <ClInclude Include="Core\Renderer\RenderResourceCache.h">
      <Filter>Header</Filter>
    </ClInclude>
    <ClInclude Include="GameFramework\Audio\AudioSystem.h">
      <Filter>Header</Filter>
    </ClInclude>
    <ClInclude Include="GameFramework\Component\AudioComponents.h">
      <Filter>Header</Filter>
    </ClInclude>
    <ClInclude Include="Editor\ImItem\ImAudioVisualizer.h">
      <Filter>Header</Filter>
    </ClInclude>
    <ClInclude Include="Editor\ImItem\ImSpectrumVisualizer.h">
      <Filter>Header</Filter>
    </ClInclude>
    <ClInclude Include="ThirdParty\miniaudio\miniaudio.h">
      <Filter>Header</Filter>
    </ClInclude>
    <ClInclude Include="GameFramework\GameFrameworkAll.h">
      <Filter>Header</Filter>
    </ClInclude>
    <ClInclude Include="GameFramework\Scripting\ScriptAPI.h">
      <Filter>Header</Filter>
    </ClInclude>
    <ClInclude Include="GameFramework\Scripting\ScriptAPI_Physics.h">
      <Filter>Header</Filter>
    </ClInclude>
  </ItemGroup>
  <ItemGroup>
    <ClCompile Include="pch.cpp">
      <Filter>Source</Filter>
    </ClCompile>
    <ClCompile Include="Utillity\Base\Error.cpp">
      <Filter>Source\Utillity\Base</Filter>
    </ClCompile>
    <ClCompile Include="Utillity\File\FilePath.cpp">
      <Filter>Source\Utillity\File</Filter>
    </ClCompile>
    <ClCompile Include="Utillity\File\FileUtillities.cpp">
      <Filter>Source\Utillity\File</Filter>
    </ClCompile>
    <ClCompile Include="Utillity\String\StringUtillity.cpp">
      <Filter>Source\Utillity\String</Filter>
    </ClCompile>
    <ClCompile Include="Application\Application.cpp">
      <Filter>Source\Application</Filter>
    </ClCompile>
    <ClCompile Include="Core\Asset\AssetManager.cpp">
      <Filter>Source\Core\Asset</Filter>
    </ClCompile>
    <ClCompile Include="Core\Asset\AssetMetaFile.cpp">
      <Filter>Source\Core\Asset</Filter>
    </ClCompile>
    <ClCompile Include="Core\Asset\AssetPackage.cpp">
      <Filter>Source\Core\Asset</Filter>
    </ClCompile>
    <ClCompile Include="Core\Asset\AssetPath.cpp">
      <Filter>Source\Core\Asset</Filter>
    </ClCompile>
    <ClCompile Include="Core\Asset\AssetRegistry.cpp">
      <Filter>Source\Core\Asset</Filter>
    </ClCompile>
    <ClCompile Include="Core\Asset\FileAsset.cpp">
      <Filter>Source\Core\Asset</Filter>
    </ClCompile>
    <ClCompile Include="Core\Asset\MaterialAsset.cpp">
      <Filter>Source\Core\Asset</Filter>
    </ClCompile>
    <ClCompile Include="Core\Asset\SpriteAsset.cpp">
      <Filter>Source\Core\Asset</Filter>
    </ClCompile>
    <ClCompile Include="Core\Debug\Debug.cpp">
      <Filter>Source\Core</Filter>
    </ClCompile>
    <ClCompile Include="Core\Engine.cpp">
      <Filter>Source\Core</Filter>
    </ClCompile>
    <ClCompile Include="Core\EngineCore.cpp">
      <Filter>Source\Core</Filter>
    </ClCompile>
    <ClCompile Include="Core\Math\MathService.cpp">
      <Filter>Source\Core\Math</Filter>
    </ClCompile>
    <ClCompile Include="Core\Network\NetworkManager.cpp">
      <Filter>Source\Core\Network</Filter>
    </ClCompile>
    <ClCompile Include="Core\Network\Windows\WinSockTransport.cpp">
      <Filter>Source\Core\Network\Windows</Filter>
    </ClCompile>
    <ClCompile Include="Core\Network\Web\WebSocketTransport.cpp">
      <Filter>Source\Core\Network\Web</Filter>
    </ClCompile>
    <ClCompile Include="Core\Module\Module.cpp">
      <Filter>Source\Core\Module</Filter>
    </ClCompile>
    <ClCompile Include="Core\Platform\Mobile\MobilePlatform.cpp">
      <Filter>Source\Core\Platform\Mobile</Filter>
    </ClCompile>
    <ClCompile Include="Core\Platform\Mobile\MobileRenderSurface.cpp">
      <Filter>Source\Core\Platform\Mobile</Filter>
    </ClCompile>
    <ClCompile Include="Core\Platform\Web\WebCanvasSurface.cpp">
      <Filter>Source\Core\Platform\Web</Filter>
    </ClCompile>
    <ClCompile Include="Core\Platform\Web\WebPlatform.cpp">
      <Filter>Source\Core\Platform\Web</Filter>
    </ClCompile>
    <ClCompile Include="Core\Platform\Windows\WindowsPlatform.cpp">
      <Filter>Source\Core\Platform\Windows</Filter>
    </ClCompile>
    <ClCompile Include="Core\Platform\Windows\WindowsRenderSurface.cpp">
      <Filter>Source\Core\Platform\Windows</Filter>
    </ClCompile>
    <ClCompile Include="Core\RHI\D3D11\D3D11CommandContext.cpp">
      <Filter>Source\Core\RHI\D3D11</Filter>
    </ClCompile>
    <ClCompile Include="Core\RHI\D3D11\D3D11Buffer.cpp">
      <Filter>Source\Core\RHI\D3D11</Filter>
    </ClCompile>
    <ClCompile Include="Core\RHI\D3D11\D3D11GraphicsPipeline.cpp">
      <Filter>Source\Core\RHI\D3D11</Filter>
    </ClCompile>
    <ClCompile Include="Core\RHI\D3D11\D3D11Program.cpp">
      <Filter>Source\Core\RHI\D3D11</Filter>
    </ClCompile>
    <ClCompile Include="Core\RHI\D3D11\D3D11Sampler.cpp">
      <Filter>Source\Core\RHI\D3D11</Filter>
    </ClCompile>
    <ClCompile Include="Core\RHI\D3D11\D3D11RHIDevice.cpp">
      <Filter>Source\Core\RHI\D3D11</Filter>
    </ClCompile>
    <ClCompile Include="Core\RHI\D3D11\D3D11Swapchain.cpp">
      <Filter>Source\Core\RHI\D3D11</Filter>
    </ClCompile>
    <ClCompile Include="Core\RHI\D3D11\D3D11Texture.cpp">
      <Filter>Source\Core\RHI\D3D11</Filter>
    </ClCompile>
    <ClCompile Include="Core\RHI\EmptyRHIDevice.cpp">
      <Filter>Source\Core\RHI</Filter>
    </ClCompile>
    <ClCompile Include="Core\RHI\Vulkan\VulkanBuffer.cpp">
      <Filter>Source\Core\RHI\Vulkan</Filter>
    </ClCompile>
    <ClCompile Include="Core\RHI\Vulkan\VulkanCommandContext.cpp">
      <Filter>Source\Core\RHI\Vulkan</Filter>
    </ClCompile>
    <ClCompile Include="Core\RHI\Vulkan\VulkanGraphicsPipeline.cpp">
      <Filter>Source\Core\RHI\Vulkan</Filter>
    </ClCompile>
    <ClCompile Include="Core\RHI\Vulkan\VulkanProgram.cpp">
      <Filter>Source\Core\RHI\Vulkan</Filter>
    </ClCompile>
    <ClCompile Include="Core\RHI\Vulkan\VulkanRHIDevice.cpp">
      <Filter>Source\Core\RHI\Vulkan</Filter>
    </ClCompile>
    <ClCompile Include="Core\RHI\Vulkan\VulkanSampler.cpp">
      <Filter>Source\Core\RHI\Vulkan</Filter>
    </ClCompile>
    <ClCompile Include="Core\RHI\Vulkan\VulkanSwapchain.cpp">
      <Filter>Source\Core\RHI\Vulkan</Filter>
    </ClCompile>
    <ClCompile Include="Core\RHI\Vulkan\VulkanTexture.cpp">
      <Filter>Source\Core\RHI\Vulkan</Filter>
    </ClCompile>
    <ClCompile Include="Core\RHI\WebGPU\WebGPUBuffer.cpp">
      <Filter>Source\Core\RHI\WebGPU</Filter>
    </ClCompile>
    <ClCompile Include="Core\RHI\WebGPU\WebGPUCommandContext.cpp">
      <Filter>Source\Core\RHI\WebGPU</Filter>
    </ClCompile>
    <ClCompile Include="Core\RHI\WebGPU\WebGPUGraphicsPipeline.cpp">
      <Filter>Source\Core\RHI\WebGPU</Filter>
    </ClCompile>
    <ClCompile Include="Core\RHI\WebGPU\WebGPURHIDevice.cpp">
      <Filter>Source\Core\RHI\WebGPU</Filter>
    </ClCompile>
    <ClCompile Include="Core\RHI\WebGPU\WebGPUProgram.cpp">
      <Filter>Source\Core\RHI\WebGPU</Filter>
    </ClCompile>
    <ClCompile Include="Core\RHI\WebGPU\WebGPUSampler.cpp">
      <Filter>Source\Core\RHI\WebGPU</Filter>
    </ClCompile>
    <ClCompile Include="Core\RHI\WebGPU\WebGPUSwapchain.cpp">
      <Filter>Source\Core\RHI\WebGPU</Filter>
    </ClCompile>
    <ClCompile Include="Core\RHI\WebGPU\WebGPUTexture.cpp">
      <Filter>Source\Core\RHI\WebGPU</Filter>
    </ClCompile>
    <ClCompile Include="Core\Debug\DebugDraw.cpp">
      <Filter>Source\Core\Debug</Filter>
    </ClCompile>
    <ClCompile Include="Core\Debug\DebugDraw2D.cpp">
      <Filter>Source\Core\Debug</Filter>
    </ClCompile>
    <ClCompile Include="Core\Debug\DebugRenderer.cpp">
      <Filter>Source\Core\Debug</Filter>
    </ClCompile>
    <ClCompile Include="Core\Debug\DebugRenderer2D.cpp">
      <Filter>Source\Core\Debug</Filter>
    </ClCompile>
    <ClCompile Include="Core\Debug\OutlineRenderer2D.cpp">
      <Filter>Source\Core\Debug</Filter>
    </ClCompile>
    <ClCompile Include="Core\Renderer\Forward2DRenderer.cpp">
      <Filter>Source\Core\Renderer</Filter>
    </ClCompile>
    <ClCompile Include="Core\Renderer\RenderResources2D.cpp">
      <Filter>Source\Core\Renderer</Filter>
    </ClCompile>
    <ClCompile Include="Core\Renderer\RenderScene.cpp">
      <Filter>Source\Core\Renderer</Filter>
    </ClCompile>
    <ClCompile Include="Core\Random\RandomService.cpp">
      <Filter>Source\Core\Random</Filter>
    </ClCompile>
    <ClCompile Include="Core\Task\Task.cpp">
      <Filter>Source\Core\Task</Filter>
    </ClCompile>
    <ClCompile Include="Core\Task\TaskGroup.cpp">
      <Filter>Source\Core\Task</Filter>
    </ClCompile>
    <ClCompile Include="Core\Task\TaskManager.cpp">
      <Filter>Source\Core\Task</Filter>
    </ClCompile>
    <ClCompile Include="Core\Time\Time.cpp">
      <Filter>Source\Core\Time</Filter>
    </ClCompile>
    <ClCompile Include="GameFramework\Object\GameObject.cpp">
      <Filter>Source\GameFramework\Object</Filter>
    </ClCompile>
    <ClCompile Include="GameFramework\Object\Ref.cpp">
      <Filter>Source\GameFramework\Object</Filter>
    </ClCompile>
    <ClCompile Include="GameFramework\Prefab\PrefabSerializer.cpp">
      <Filter>Source\GameFramework\Prefab</Filter>
    </ClCompile>
    <ClCompile Include="GameFramework\Rendering\GameCamera.cpp">
      <Filter>Source\GameFramework\Rendering</Filter>
    </ClCompile>
    <ClCompile Include="GameFramework\Rendering\SpriteRenderSystem.cpp">
      <Filter>Source\GameFramework\Rendering</Filter>
    </ClCompile>
    <ClCompile Include="GameFramework\Scene\Scene.cpp">
      <Filter>Source\GameFramework\Scene</Filter>
    </ClCompile>
    <ClCompile Include="GameFramework\Scene\SceneManager.cpp">
      <Filter>Source\GameFramework\Scene</Filter>
    </ClCompile>
    <ClCompile Include="GameFramework\Scene\SceneSerializer.cpp">
      <Filter>Source\GameFramework\Scene</Filter>
    </ClCompile>
    <ClCompile Include="GameFramework\Scene\SceneSnapshot.cpp">
      <Filter>Source\GameFramework\Scene</Filter>
    </ClCompile>
    <ClCompile Include="GameFramework\System\GameSystem.cpp">
      <Filter>Source\GameFramework\System</Filter>
    </ClCompile>
    <ClCompile Include="GameFramework\Debug\SceneDebugDrawSystem.cpp">
      <Filter>Source\GameFramework\Debug</Filter>
    </ClCompile>
    <ClCompile Include="GameFramework\Physics2D\Physics2DSystem.cpp">
      <Filter>Source\GameFramework\Physics2D</Filter>
    </ClCompile>
    <ClCompile Include="Core\Input\Input.cpp">
      <Filter>Source\Core\Input</Filter>
    </ClCompile>
    <ClCompile Include="Core\Logging\Logger.cpp">
      <Filter>Source\Core\Logging</Filter>
    </ClCompile>
    <ClCompile Include="Core\Localization\LocalizationManager.cpp">
      <Filter>Source\Core\Localization</Filter>
    </ClCompile>
    <ClCompile Include="Core\Resource\ResourceRegistry.cpp">
      <Filter>Source\Core\Resource</Filter>
    </ClCompile>
    <ClCompile Include="Core\Build\BuildManifest.cpp">
      <Filter>Source\Core\Build</Filter>
    </ClCompile>
    <ClCompile Include="Core\Game\GameModuleLoader.cpp">
      <Filter>Source\Core\Game</Filter>
    </ClCompile>
    <ClCompile Include="GameFramework\Physics2D\Physics2DGeometry.cpp">
      <Filter>Source\GameFramework\Physics2D</Filter>
    </ClCompile>
    <ClCompile Include="Core\FileSystem\FileSystem.cpp">
      <Filter>Source\Core\FileSystem</Filter>
    </ClCompile>
    <ClCompile Include="GameFramework\Component\BuiltinComponentRegistry.cpp">
      <Filter>Source\GameFramework\Component</Filter>
    </ClCompile>
    <ClCompile Include="GameFramework\Reflection\ReflectionRegistry.cpp">
      <Filter>Source\GameFramework\Reflection</Filter>
    </ClCompile>
    <ClCompile Include="GameFramework\Scripting\GameScript.cpp">
      <Filter>Source\GameFramework\Scripting</Filter>
    </ClCompile>
    <ClCompile Include="GameFramework\Scripting\ScriptSystem.cpp">
      <Filter>Source\GameFramework\Scripting</Filter>
    </ClCompile>
    <ClCompile Include="GameFramework\Transform\TransformSystem.cpp">
      <Filter>Source\GameFramework\Transform</Filter>
    </ClCompile>
    <ClCompile Include="Editor\FileSystem\Windows\WindowsFileWatcher.cpp">
      <Filter>Source\Editor</Filter>
    </ClCompile>
    <ClCompile Include="Editor\LiveCompile\CompilePipeline.cpp">
      <Filter>Source\Editor</Filter>
    </ClCompile>
    <ClCompile Include="Editor\LiveCompile\LiveCompileManager.cpp">
      <Filter>Source\Editor</Filter>
    </ClCompile>
    <ClCompile Include="Editor\LiveCompile\Windows\WindowsDynamicLibrary.cpp">
      <Filter>Source\Editor</Filter>
    </ClCompile>
    <ClCompile Include="Editor\ScriptModule\ScriptModuleLoader.cpp">
      <Filter>Source\Editor</Filter>
    </ClCompile>
    <ClCompile Include="Editor\Project\GameScriptProjectGenerator.cpp">
      <Filter>Source\Editor</Filter>
    </ClCompile>
    <ClCompile Include="Editor\Project\ProjectManager.cpp">
      <Filter>Source\Editor</Filter>
    </ClCompile>
    <ClCompile Include="Editor\Project\AssetDatabase.cpp">
      <Filter>Source\Editor</Filter>
    </ClCompile>
    <ClCompile Include="Editor\ImEditor.cpp">
      <Filter>Source</Filter>
    </ClCompile>
    <ClCompile Include="Editor\ImGuiUtillity.cpp">
      <Filter>Source</Filter>
    </ClCompile>
    <ClCompile Include="Editor\ImItem\ImText.cpp">
      <Filter>Source</Filter>
    </ClCompile>
    <ClCompile Include="Editor\ImWindow\IImPopupWindow.cpp">
      <Filter>Source</Filter>
    </ClCompile>
    <ClCompile Include="Editor\ImWindow\IImWindow.cpp">
      <Filter>Source</Filter>
    </ClCompile>
    <ClCompile Include="Editor\ImWindow\ImCustomWindow.cpp">
      <Filter>Source</Filter>
    </ClCompile>
    <ClCompile Include="Editor\ImWindow\ImDockWindow.cpp">
      <Filter>Source</Filter>
    </ClCompile>
    <ClCompile Include="Editor\ImWindow\ImPopupWindow.cpp">
      <Filter>Source</Filter>
    </ClCompile>
    <ClCompile Include="Editor\ImWindow\ImWindow.cpp">
      <Filter>Source</Filter>
    </ClCompile>
    <ClCompile Include="Editor\ImWindow\ImWindowContext.cpp">
      <Filter>Source</Filter>
    </ClCompile>
    <ClCompile Include="Editor\ImItem\ImTree.cpp">
      <Filter>Source</Filter>
    </ClCompile>
    <ClCompile Include="Editor\ImItem\ImList.cpp">
      <Filter>Source</Filter>
    </ClCompile>
    <ClCompile Include="ThirdParty\imgui\imgui.cpp">
      <Filter>Source</Filter>
    </ClCompile>
    <ClCompile Include="ThirdParty\imgui\imgui_demo.cpp">
      <Filter>Source</Filter>
    </ClCompile>
    <ClCompile Include="ThirdParty\imgui\imgui_draw.cpp">
      <Filter>Source</Filter>
    </ClCompile>
    <ClCompile Include="ThirdParty\imgui\imgui_impl_dx11.cpp">
      <Filter>Source</Filter>
    </ClCompile>
    <ClCompile Include="ThirdParty\imgui\imgui_impl_win32.cpp">
      <Filter>Source</Filter>
    </ClCompile>
    <ClCompile Include="ThirdParty\imgui\imgui_stdlib.cpp">
      <Filter>Source</Filter>
    </ClCompile>
    <ClCompile Include="ThirdParty\imgui\imgui_tables.cpp">
      <Filter>Source</Filter>
    </ClCompile>
    <ClCompile Include="ThirdParty\imgui\imgui_widgets.cpp">
      <Filter>Source</Filter>
    </ClCompile>
    <ClCompile Include="Editor\ImItem\ImSplitter.cpp">
      <Filter>Source</Filter>
    </ClCompile>
    <ClCompile Include="Core\Asset\AudioAsset.cpp">
      <Filter>Source</Filter>
    </ClCompile>
    <ClCompile Include="Core\Asset\AudioEffectAsset.cpp">
      <Filter>Source</Filter>
    </ClCompile>
    <ClCompile Include="Core\Audio\EmptyAudio\EmptyAudioDevice.cpp">
      <Filter>Source</Filter>
    </ClCompile>
    <ClCompile Include="Core\Audio\MiniAudio\MiniAudioDevice.cpp">
      <Filter>Source</Filter>
    </ClCompile>
    <ClCompile Include="Core\Audio\MiniAudio\miniaudio_impl.cpp">
      <Filter>Source</Filter>
    </ClCompile>
    <ClCompile Include="Core\Renderer\RenderResourceCache.cpp">
      <Filter>Source</Filter>
    </ClCompile>
    <ClCompile Include="GameFramework\Audio\AudioSystem.cpp">
      <Filter>Source</Filter>
    </ClCompile>
    <ClCompile Include="Editor\ImItem\ImAudioVisualizer.cpp">
      <Filter>Source</Filter>
    </ClCompile>
    <ClCompile Include="Editor\ImItem\ImSpectrumVisualizer.cpp">
      <Filter>Source</Filter>
    </ClCompile>
  </ItemGroup>
</Project>